<?xml version="1.0" encoding="utf-8"?>
<Project ToolsVersion="4.0" xmlns="http://schemas.microsoft.com/developer/msbuild/2003">
  <ItemGroup>
    <Filter Include="소스 파일">
      <UniqueIdentifier>{4FC737F1-C7A5-4376-A066-2A32D752A2FF}</UniqueIdentifier>
      <Extensions>cpp;c;cc;cxx;c++;cppm;ixx;def;odl;idl;hpj;bat;asm;asmx</Extensions>
    </Filter>
    <Filter Include="헤더 파일">
      <UniqueIdentifier>{93995380-89BD-4b04-88EB-625FBE52EBFB}</UniqueIdentifier>
      <Extensions>h;hh;hpp;hxx;h++;hm;inl;inc;ipp;xsd</Extensions>
    </Filter>
    <Filter Include="리소스 파일">
      <UniqueIdentifier>{67DA6AB6-F800-4c08-8B7A-83BB121AAD01}</UniqueIdentifier>
      <Extensions>rc;ico;cur;bmp;dlg;rc2;rct;bin;rgs;gif;jpg;jpeg;jpe;resx;tiff;tif;png;wav;mfcribbon-ms</Extensions>
    </Filter>
  </ItemGroup>
  <ItemGroup>
    <ClInclude Include="MFC_KIOSK.h">
      <Filter>헤더 파일</Filter>
    </ClInclude>
    <ClInclude Include="MFC_KIOSKDlg.h">
      <Filter>헤더 파일</Filter>
    </ClInclude>
    <ClInclude Include="framework.h">
      <Filter>헤더 파일</Filter>
    </ClInclude>
    <ClInclude Include="targetver.h">
      <Filter>헤더 파일</Filter>
    </ClInclude>
    <ClInclude Include="Resource.h">
      <Filter>헤더 파일</Filter>
    </ClInclude>
    <ClInclude Include="pch.h">
      <Filter>헤더 파일</Filter>
    </ClInclude>
    <ClInclude Include="Modal_Pay.h">
      <Filter>헤더 파일</Filter>
    </ClInclude>
  </ItemGroup>
  <ItemGroup>
    <ClCompile Include="MFC_KIOSK.cpp">
      <Filter>소스 파일</Filter>
    </ClCompile>
    <ClCompile Include="MFC_KIOSKDlg.cpp">
      <Filter>소스 파일</Filter>
    </ClCompile>
    <ClCompile Include="pch.cpp">
      <Filter>소스 파일</Filter>
    </ClCompile>
    <ClCompile Include="Modal_Pay.cpp">
      <Filter>소스 파일</Filter>
    </ClCompile>
  </ItemGroup>
  <ItemGroup>
    <ResourceCompile Include="MFCKIOSK.rc">
      <Filter>리소스 파일</Filter>
    </ResourceCompile>
  </ItemGroup>
  <ItemGroup>
    <None Include="res\MFCKIOSK.rc2">
      <Filter>리소스 파일</Filter>
    </None>
  </ItemGroup>
  <ItemGroup>
    <Image Include="res\MFC_KIOSK.ico">
      <Filter>리소스 파일</Filter>
    </Image>
    <Image Include="res\bitmap1.bmp">
      <Filter>리소스 파일</Filter>
    </Image>
    <Image Include="res\bitmap2.bmp">
      <Filter>리소스 파일</Filter>
    </Image>
    <Image Include="res\windows_project_mockup_1 (Community) (Copy)-1.bmp">
      <Filter>리소스 파일</Filter>
    </Image>
    <Image Include="res\B_bitmap1.bmp">
      <Filter>리소스 파일</Filter>
    </Image>
    <Image Include="res\B_bitmap2.bmp">
      <Filter>리소스 파일</Filter>
    </Image>
    <Image Include="res\B_bitmap3.bmp">
      <Filter>리소스 파일</Filter>
    </Image>
    <Image Include="res\B_bitmap4.bmp">
      <Filter>리소스 파일</Filter>
    </Image>
    <Image Include="res\B_bitmap5.bmp">
      <Filter>리소스 파일</Filter>
    </Image>
    <Image Include="res\B_bitmap6.bmp">
      <Filter>리소스 파일</Filter>
    </Image>
    <Image Include="res\B_bitmap7.bmp">
      <Filter>리소스 파일</Filter>
    </Image>
    <Image Include="res\B_bitmap8.bmp">
      <Filter>리소스 파일</Filter>
    </Image>
    <Image Include="res\B_bitmap9.bmp">
      <Filter>리소스 파일</Filter>
    </Image>
    <Image Include="res\B_bitmap10.bmp">
      <Filter>리소스 파일</Filter>
    </Image>
    <Image Include="res\C_bitmap1.bmp">
      <Filter>리소스 파일</Filter>
    </Image>
    <Image Include="res\C_bitmap2.bmp">
      <Filter>리소스 파일</Filter>
    </Image>
    <Image Include="res\C_bitmap3.bmp">
      <Filter>리소스 파일</Filter>
    </Image>
    <Image Include="res\C_bitmap4.bmp">
      <Filter>리소스 파일</Filter>
    </Image>
    <Image Include="res\C_bitmap5.bmp">
      <Filter>리소스 파일</Filter>
    </Image>
    <Image Include="res\C_bitmap6.bmp">
      <Filter>리소스 파일</Filter>
    </Image>
    <Image Include="res\C_bitmap7.bmp">
      <Filter>리소스 파일</Filter>
    </Image>
    <Image Include="res\C_bitmap8.bmp">
      <Filter>리소스 파일</Filter>
    </Image>
    <Image Include="res\C_bitmap9.bmp">
      <Filter>리소스 파일</Filter>
    </Image>
    <Image Include="res\C_bitmap10.bmp">
      <Filter>리소스 파일</Filter>
    </Image>
    <Image Include="res\C_bitmap11.bmp">
      <Filter>리소스 파일</Filter>
    </Image>
    <Image Include="res\Cr_bitmap1.bmp">
      <Filter>리소스 파일</Filter>
    </Image>
    <Image Include="res\Cr_bitmap2.bmp">
      <Filter>리소스 파일</Filter>
    </Image>
    <Image Include="res\Cr_bitmap3.bmp">
      <Filter>리소스 파일</Filter>
    </Image>
    <Image Include="res\Cr_bitmap4.bmp">
      <Filter>리소스 파일</Filter>
    </Image>
    <Image Include="res\Cr_bitmap5.bmp">
      <Filter>리소스 파일</Filter>
    </Image>
    <Image Include="res\T_bitmap1.bmp">
      <Filter>리소스 파일</Filter>
    </Image>
    <Image Include="res\T_bitmap3.bmp">
      <Filter>리소스 파일</Filter>
    </Image>
    <Image Include="res\T_bitmap4.bmp">
      <Filter>리소스 파일</Filter>
    </Image>
    <Image Include="res\T_bitmap5.bmp">
      <Filter>리소스 파일</Filter>
    </Image>
    <Image Include="res\T_bitmap6.bmp">
      <Filter>리소스 파일</Filter>
    </Image>
    <Image Include="res\empty.bmp">
      <Filter>리소스 파일</Filter>
    </Image>
    <Image Include="res\T_bitmap2.bmp">
      <Filter>리소스 파일</Filter>
    </Image>
    <Image Include="res\UP.bmp">
      <Filter>리소스 파일</Filter>
    </Image>
    <Image Include="res\DOWN.bmp">
      <Filter>리소스 파일</Filter>
    </Image>
    <Image Include="res\kakaopay.bmp">
      <Filter>리소스 파일</Filter>
    </Image>
    <Image Include="res\payco.bmp">
      <Filter>리소스 파일</Filter>
    </Image>
    <Image Include="res\naverpay.bmp">
      <Filter>리소스 파일</Filter>
    </Image>
    <Image Include="res\card.bmp">
      <Filter>리소스 파일</Filter>
    </Image>
  </ItemGroup>
</Project>